# THIS IS AN AUTOGENERATED FILE. DO NOT EDIT THIS FILE DIRECTLY.
# yarn lockfile v1


"@assemblyscript/loader@^0.18.31":
  "integrity" "sha512-BrPyjojTj7ReaDUiDzfbm0Ei/2OoF2ZimcvxTGSQ7IrVKld/c/7w1DcFJjaLj1eBaartP2TBEzaf7iky+UiDYA=="
  "resolved" "https://registry.npmjs.org/@assemblyscript/loader/-/loader-0.18.31.tgz"
  "version" "0.18.31"

"assemblyscript@^0.18.31":
  "integrity" "sha512-4MtKf1nnmY0eh+v4PKVnIjT8HPTRBqJqACW3kXQoDztyFBLHN1WxGSgZ9iPsLbm/6xKNYD0l6j9y03PoMv+Qog=="
  "resolved" "https://registry.npmjs.org/assemblyscript/-/assemblyscript-0.18.31.tgz"
  "version" "0.18.31"
  dependencies:
    "binaryen" "100.0.0-nightly.20210413"
    "long" "^4.0.0"

"binaryen@100.0.0-nightly.20210413":
  "integrity" "sha512-EeGLIxQmJS0xnYl+SH34mNBqVMoixKd9nsE7S7z+CtS9A4eoWn3Qjav+XElgunUgXIHAI5yLnYT2TUGnLX2f1w=="
  "resolved" "https://registry.npmjs.org/binaryen/-/binaryen-100.0.0-nightly.20210413.tgz"
  "version" "100.0.0-nightly.20210413"

"long@^4.0.0":
  "integrity" "sha512-XsP+KhQif4bjX1kbuSiySJFNAehNxgLb6hPRGJ9QsUr8ajHkuXGdrHmFUTUUXhDwVX2R5bY4JNZEwbUiMhV+MA=="
  "resolved" "https://registry.npmjs.org/long/-/long-4.0.0.tgz"
  "version" "4.0.0"
